
Microsoft Visual Studio Solution File, Format Version 12.00
# Visual Studio Version 17
VisualStudioVersion = 17.14.37027.9 d17.14
MinimumVisualStudioVersion = 10.0.40219.1
Project("{FAE04EC0-301F-11D3-BF4B-00C04F79EFBC}") = "Smarthome", "Smarthome.csproj", "{3B1C5D4E-8594-4BF8-BDFE-AF836F21F1E1}"
EndProject
Global
	GlobalSection(SolutionConfigurationPlatforms) = preSolution
		Debug|Any CPU = Debug|Any CPU
		Release|Any CPU = Release|Any CPU
	EndGlobalSection
	GlobalSection(ProjectConfigurationPlatforms) = postSolution
		{3B1C5D4E-8594-4BF8-BDFE-AF836F21F1E1}.Debug|Any CPU.ActiveCfg = Debug|Any CPU
		{3B1C5D4E-8594-4BF8-BDFE-AF836F21F1E1}.Debug|Any CPU.Build.0 = Debug|Any CPU
		{3B1C5D4E-8594-4BF8-BDFE-AF836F21F1E1}.Release|Any CPU.ActiveCfg = Release|Any CPU
		{3B1C5D4E-8594-4BF8-BDFE-AF836F21F1E1}.Release|Any CPU.Build.0 = Release|Any CPU
	EndGlobalSection
	GlobalSection(SolutionProperties) = preSolution
		HideSolutionNode = FALSE
	EndGlobalSection
	GlobalSection(ExtensibilityGlobals) = postSolution
		SolutionGuid = {C35AAD3C-BF13-4DCB-8C1B-1ACCFE855104}
	EndGlobalSection
EndGlobal
